github.com/JoelOtter/termloop v0.0.0-20201118115657-7fa23b4da654 h1:pQt338SARhakABQ3KbycsnuKSg3XRDA5sF5RHl/v9WQ=
github.com/JoelOtter/termloop v0.0.0-20201118115657-7fa23b4da654/go.mod h1:Tie7OOEgasw91JpzA8UywemPyGehxZ06Gqtl5B1/vXI=
github.com/beefsack/go-astar v0.0.0-20200827232313-4ecf9e304482 h1:p4g4uok3+r6Tg6fxXEQUAcMAX/WdK6WhkQW9s0jaT7k=
github.com/beefsack/go-astar v0.0.0-20200827232313-4ecf9e304482/go.mod h1:Cu3t5VeqE8kXjUBeNXWQprfuaP5UCIc5ggGjgMx9KFc=
github.com/google/go-cmp v0.5.6 h1:BKbKCqvP6I+rmFHt06ZmyQtvB8xAkWdhFyr0ZUNZcxQ=
github.com/google/go-cmp v0.5.6/go.mod h1:v8dTdLbMG2kIc/vJvl+f65V22dbkXbowE6jgT/gNBxE=
github.com/mattn/go-runewidth v0.0.9 h1:Lm995f3rfxdpd6TSmuVCHVb/QhupuXlYr8sCI/QdE+0=
github.com/mattn/go-runewidth v0.0.9/go.mod h1:H031xJmbD/WCDINGzjvQ9THkh0rPKHF+m2gUSrubnMI=
github.com/nsf/termbox-go v1.1.1 h1:nksUPLCb73Q++DwbYUBEglYBRPZyoXJdrj5L+TkjyZY=
github.com/nsf/termbox-go v1.1.1/go.mod h1:T0cTdVuOwf7pHQNtfhnEbzHbcNyCEcVU4YPpouCbVxo=
github.com/pkg/errors v0.9.1 h1:FEBLx1zS214owpjy7qsBeixbURkuhQAwrK5UwLGTwt4=
github.com/pkg/errors v0.9.1/go.mod h1:bwawxfHBFNV+L2hUp1rHADufV3IMtnDRdf1r5NINEl0=
golang.org/x/xerrors v0.0.0-20191204190536-9bdfabe68543/go.mod h1:I/5z698sn9Ka8TeJc9MKroUUfqBBauWjQqLJ2OPfmY0=
gotest.tools v2.2.0+incompatible h1:VsBPFP1AI068pPrMxtb/S8Zkgf9xEmTLJjfM+P5UIEo=
gotest.tools v2.2.0+incompatible/go.mod h1:DsYFclhRJ6vuDpmuTbkuFWG+y2sxOXAzmJt81HFBacw=
